
Microsoft Visual Studio Solution File, Format Version 12.00
# Visual Studio Version 17
VisualStudioVersion = 17.12.35527.113 d17.12
MinimumVisualStudioVersion = 10.0.40219.1
Project("{FAE04EC0-301F-11D3-BF4B-00C04F79EFBC}") = "specflowdemo", "specflowdemo.csproj", "{1B7C066E-7044-4FEE-A151-04D5E7039CBE}"
EndProject
Global
	GlobalSection(SolutionConfigurationPlatforms) = preSolution
		Debug|Any CPU = Debug|Any CPU
		Release|Any CPU = Release|Any CPU
	EndGlobalSection
	GlobalSection(ProjectConfigurationPlatforms) = postSolution
		{1B7C066E-7044-4FEE-A151-04D5E7039CBE}.Debug|Any CPU.ActiveCfg = Debug|Any CPU
		{1B7C066E-7044-4FEE-A151-04D5E7039CBE}.Debug|Any CPU.Build.0 = Debug|Any CPU
		{1B7C066E-7044-4FEE-A151-04D5E7039CBE}.Release|Any CPU.ActiveCfg = Release|Any CPU
		{1B7C066E-7044-4FEE-A151-04D5E7039CBE}.Release|Any CPU.Build.0 = Release|Any CPU
	EndGlobalSection
	GlobalSection(SolutionProperties) = preSolution
		HideSolutionNode = FALSE
	EndGlobalSection
EndGlobal
